{
  "version": 4,
  "terraform_version": "1.14.6",
  "serial": 6,
  "lineage": "be2fac66-b33c-8a8d-d7ca-a8c72dcfba14",
  "outputs": {
    "app_version": {
      "value": "v2",
      "type": "string"
    },
    "inventory_file": {
      "value": "./../generated/inventory.ini",
      "type": "string"
    },
    "k8s_values_file": {
      "value": "./../generated/k8s-values.json",
      "type": "string"
    },
    "namespace": {
      "value": "final-task",
      "type": "string"
    }
  },
  "resources": [
    {
      "mode": "managed",
      "type": "local_file",
      "name": "inventory",
      "provider": "provider[\"registry.terraform.io/hashicorp/local\"]",
      "instances": [
        {
          "schema_version": 0,
          "attributes": {
            "content": "[local]\nlocalhost ansible_connection=local\n\n[local:vars]\napp_version=v2\nnamespace=final-task\napp_port=5000\ndb_host=postgres\ndb_port=5432\ndb_name=appdb\ndb_user=appuser\ndb_password=apppass\n",
            "content_base64": null,
            "content_base64sha256": "qh8r5e8jYy19csgZ0thHleeQV4rXpc8b2OCAuhCeK9w=",
            "content_base64sha512": "s1gApa83HgUq46KUc/m2mFOEQuWOhDJAzuu54wWB5muRpSZjrin152oHjK/OzjiQl91RDl0/uXjTzkmyDsux9w==",
            "content_md5": "57f34e9c5c0ef432d27fa8cc90d24d7e",
            "content_sha1": "b3d457a9bd1cf6d1b99853356d264364c4af508f",
            "content_sha256": "aa1f2be5ef23632d7d72c819d2d84795e790578ad7a5cf1bd8e080ba109e2bdc",
            "content_sha512": "b35800a5af371e052ae3a29473f9b698538442e58e843240ceebb9e30581e66b91a52663ae29f5e76a078cafcece389097dd510e5d3fb978d3ce49b20ecbb1f7",
            "directory_permission": "0777",
            "file_permission": "0777",
            "filename": "./../generated/inventory.ini",
            "id": "b3d457a9bd1cf6d1b99853356d264364c4af508f",
            "sensitive_content": null,
            "source": null
          },
          "sensitive_attributes": [
            [
              {
                "type": "get_attr",
                "value": "sensitive_content"
              }
            ]
          ],
          "identity_schema_version": 0
        }
      ]
    },
    {
      "mode": "managed",
      "type": "local_file",
      "name": "k8s_values",
      "provider": "provider[\"registry.terraform.io/hashicorp/local\"]",
      "instances": [
        {
          "schema_version": 0,
          "attributes": {
            "content": "{\"app_port\":5000,\"app_version\":\"v2\",\"db\":{\"host\":\"postgres\",\"name\":\"appdb\",\"password\":\"apppass\",\"port\":5432,\"user\":\"appuser\"},\"namespace\":\"final-task\"}",
            "content_base64": null,
            "content_base64sha256": "t8HcG1zPKPHzG9jm6lV+9FFqInYxQANc3Vv0t4ZqINQ=",
            "content_base64sha512": "uFjxyG2frVRc9T/+gbJxUZIBgWzhdCqkWHtw5m6D8cHySzIbZVS/VsyGDq5rF7bwVjpvTIjyw6KOMVd89b8E/A==",
            "content_md5": "cf262433c2b3cd3194de412073e5b3c5",
            "content_sha1": "89a0725e9556f26f430a0706d8d60507982122d6",
            "content_sha256": "b7c1dc1b5ccf28f1f31bd8e6ea557ef4516a22763140035cdd5bf4b7866a20d4",
            "content_sha512": "b858f1c86d9fad545cf53ffe81b271519201816ce1742aa4587b70e66e83f1c1f24b321b6554bf56cc860eae6b17b6f0563a6f4c88f2c3a28e31577cf5bf04fc",
            "directory_permission": "0777",
            "file_permission": "0777",
            "filename": "./../generated/k8s-values.json",
            "id": "89a0725e9556f26f430a0706d8d60507982122d6",
            "sensitive_content": null,
            "source": null
          },
          "sensitive_attributes": [
            [
              {
                "type": "get_attr",
                "value": "sensitive_content"
              }
            ]
          ],
          "identity_schema_version": 0
        }
      ]
    }
  ],
  "check_results": null
}
