{
  "version": 4,
  "terraform_version": "1.14.6",
  "serial": 1,
  "lineage": "be2fac66-b33c-8a8d-d7ca-a8c72dcfba14",
  "outputs": {
    "app_version": {
      "value": "v1",
      "type": "string"
    },
    "inventory_file": {
      "value": "./../generated/inventory.ini",
      "type": "string"
    },
    "k8s_values_file": {
      "value": "./../generated/k8s-values.json",
      "type": "string"
    },
    "namespace": {
      "value": "final-task",
      "type": "string"
    }
  },
  "resources": [
    {
      "mode": "managed",
      "type": "local_file",
      "name": "inventory",
      "provider": "provider[\"registry.terraform.io/hashicorp/local\"]",
      "instances": [
        {
          "schema_version": 0,
          "attributes": {
            "content": "[local]\nlocalhost ansible_connection=local\n\n[local:vars]\napp_version=v1\nnamespace=final-task\napp_port=5000\ndb_host=postgres\ndb_port=5432\ndb_name=appdb\ndb_user=appuser\ndb_password=apppass\n",
            "content_base64": null,
            "content_base64sha256": "olpQhPJbM4CRwo2ngUy/yM8QCToOl4b8PPsY1l1klR4=",
            "content_base64sha512": "QV+G3oZXsX2yPpbofkCVT0OtSrQVnqO5mkmKtFDXwSNgWYErBM/rz1LrZhHWG2/LeS8IqPyTXG/HqQqaDYHG0Q==",
            "content_md5": "309a92be94d4bd443660301607d83d96",
            "content_sha1": "62ebd2edefec2e7e5a4ada5762797aeeaad1ada6",
            "content_sha256": "a25a5084f25b338091c28da7814cbfc8cf10093a0e9786fc3cfb18d65d64951e",
            "content_sha512": "415f86de8657b17db23e96e87e40954f43ad4ab4159ea3b99a498ab450d7c1236059812b04cfebcf52eb6611d61b6fcb792f08a8fc935c6fc7a90a9a0d81c6d1",
            "directory_permission": "0777",
            "file_permission": "0777",
            "filename": "./../generated/inventory.ini",
            "id": "62ebd2edefec2e7e5a4ada5762797aeeaad1ada6",
            "sensitive_content": null,
            "source": null
          },
          "sensitive_attributes": [
            [
              {
                "type": "get_attr",
                "value": "sensitive_content"
              }
            ]
          ],
          "identity_schema_version": 0
        }
      ]
    },
    {
      "mode": "managed",
      "type": "local_file",
      "name": "k8s_values",
      "provider": "provider[\"registry.terraform.io/hashicorp/local\"]",
      "instances": [
        {
          "schema_version": 0,
          "attributes": {
            "content": "{\"app_port\":5000,\"app_version\":\"v1\",\"db\":{\"host\":\"postgres\",\"name\":\"appdb\",\"password\":\"apppass\",\"port\":5432,\"user\":\"appuser\"},\"namespace\":\"final-task\"}",
            "content_base64": null,
            "content_base64sha256": "FvkuNaAoFWlh3K0ZVXxjtKw6CcAw3Iw8oL/oCaCOjQU=",
            "content_base64sha512": "axzCMj10G/CNRWtNcBUggnxPCmGCV+D18XPEpfYGxKdaW+8p1MoX1MT1tV2Tcr/fkAIIcu8iX5A+BpF6xEM4Mg==",
            "content_md5": "0c1367e446d664b205bd149ae756df69",
            "content_sha1": "6680e100db3bdb84d7e5bf6157d586a0b60878e3",
            "content_sha256": "16f92e35a028156961dcad19557c63b4ac3a09c030dc8c3ca0bfe809a08e8d05",
            "content_sha512": "6b1cc2323d741bf08d456b4d701520827c4f0a618257e0f5f173c4a5f606c4a75a5bef29d4ca17d4c4f5b55d9372bfdf90020872ef225f903e06917ac4433832",
            "directory_permission": "0777",
            "file_permission": "0777",
            "filename": "./../generated/k8s-values.json",
            "id": "6680e100db3bdb84d7e5bf6157d586a0b60878e3",
            "sensitive_content": null,
            "source": null
          },
          "sensitive_attributes": [
            [
              {
                "type": "get_attr",
                "value": "sensitive_content"
              }
            ]
          ],
          "identity_schema_version": 0
        }
      ]
    }
  ],
  "check_results": null
}
